
Microsoft Visual Studio Solution File, Format Version 11.00
# Visual Studio 2010
# SharpDevelop 4.2.1.8805
Project("{A33008B1-5DAC-44D5-9060-242E3B6E38F2}") = "BinaryFormatViewer", "BinaryFormatViewer\BinaryFormatViewer.booproj", "{3DB6F8A3-8894-4712-9198-04828DC171D0}"
EndProject
Project("{FAE04EC0-301F-11D3-BF4B-00C04F79EFBC}") = "SerializationSpike", "SerializationSpike\SerializationSpike.csproj", "{76DEBE9E-768E-40B3-8CF5-5A8CEC59D855}"
EndProject
Project("{FAE04EC0-301F-11D3-BF4B-00C04F79EFBC}") = "BinarySerializationViewer", "BinarySerializationViewer\BinarySerializationViewer.csproj", "{23533D46-472A-472F-9496-36701CD5837B}"
EndProject
Project("{FAE04EC0-301F-11D3-BF4B-00C04F79EFBC}") = "WinFormsBSV", "WinFormsBSV\WinFormsBSV.csproj", "{7BDAA24A-DE7F-4C53-A8F7-936650CE6C8F}"
EndProject
Global
	GlobalSection(SolutionConfigurationPlatforms) = preSolution
		Debug|x86 = Debug|x86
		Release|x86 = Release|x86
	EndGlobalSection
	GlobalSection(ProjectConfigurationPlatforms) = postSolution
		{3DB6F8A3-8894-4712-9198-04828DC171D0}.Debug|x86.Build.0 = Debug|x86
		{3DB6F8A3-8894-4712-9198-04828DC171D0}.Debug|x86.ActiveCfg = Debug|x86
		{3DB6F8A3-8894-4712-9198-04828DC171D0}.Release|x86.Build.0 = Release|x86
		{3DB6F8A3-8894-4712-9198-04828DC171D0}.Release|x86.ActiveCfg = Release|x86
		{76DEBE9E-768E-40B3-8CF5-5A8CEC59D855}.Debug|x86.Build.0 = Debug|x86
		{76DEBE9E-768E-40B3-8CF5-5A8CEC59D855}.Debug|x86.ActiveCfg = Debug|x86
		{76DEBE9E-768E-40B3-8CF5-5A8CEC59D855}.Release|x86.Build.0 = Release|x86
		{76DEBE9E-768E-40B3-8CF5-5A8CEC59D855}.Release|x86.ActiveCfg = Release|x86
		{23533D46-472A-472F-9496-36701CD5837B}.Debug|x86.Build.0 = Debug|x86
		{23533D46-472A-472F-9496-36701CD5837B}.Debug|x86.ActiveCfg = Debug|x86
		{23533D46-472A-472F-9496-36701CD5837B}.Release|x86.Build.0 = Release|x86
		{23533D46-472A-472F-9496-36701CD5837B}.Release|x86.ActiveCfg = Release|x86
		{7BDAA24A-DE7F-4C53-A8F7-936650CE6C8F}.Debug|x86.Build.0 = Debug|x86
		{7BDAA24A-DE7F-4C53-A8F7-936650CE6C8F}.Debug|x86.ActiveCfg = Debug|x86
		{7BDAA24A-DE7F-4C53-A8F7-936650CE6C8F}.Release|x86.Build.0 = Release|x86
		{7BDAA24A-DE7F-4C53-A8F7-936650CE6C8F}.Release|x86.ActiveCfg = Release|x86
	EndGlobalSection
EndGlobal
